// !$*UTF8*$!
{
	archiveVersion = 1;
	classes = {
	};
	objectVersion = 77;
	objects = {

/* Begin PBXContainerItemProxy section */
		C41FA5602EA6368000E2301C /* PBXContainerItemProxy */ = {
			isa = PBXContainerItemProxy;
			containerPortal = C41FA5472EA6367F00E2301C /* Project object */;
			proxyType = 1;
			remoteGlobalIDString = C41FA54E2EA6367F00E2301C;
			remoteInfo = postit;
		};
		C41FA56A2EA6368000E2301C /* PBXContainerItemProxy */ = {
			isa = PBXContainerItemProxy;
			containerPortal = C41FA5472EA6367F00E2301C /* Project object */;
			proxyType = 1;
			remoteGlobalIDString = C41FA54E2EA6367F00E2301C;
			remoteInfo = postit;
		};
/* End PBXContainerItemProxy section */

/* Begin PBXFileReference section */
		C41FA54F2EA6367F00E2301C /* postit.app */ = {isa = PBXFileReference; explicitFileType = wrapper.application; includeInIndex = 0; path = postit.app; sourceTree = BUILT_PRODUCTS_DIR; };
		C41FA55F2EA6368000E2301C /* postitTests.xctest */ = {isa = PBXFileReference; explicitFileType = wrapper.cfbundle; includeInIndex = 0; path = postitTests.xctest; sourceTree = BUILT_PRODUCTS_DIR; };
		C41FA5692EA6368000E2301C /* postitUITests.xctest */ = {isa = PBXFileReference; explicitFileType = wrapper.cfbundle; includeInIndex = 0; path = postitUITests.xctest; sourceTree = BUILT_PRODUCTS_DIR; };
/* End PBXFileReference section */

/* Begin PBXFileSystemSynchronizedRootGroup section */
		C41FA5512EA6367F00E2301C /* postit */ = {
			isa = PBXFileSystemSynchronizedRootGroup;
			path = postit;
			sourceTree = "<group>";
		};
		C41FA5622EA6368000E2301C /* postitTests */ = {
			isa = PBXFileSystemSynchronizedRootGroup;
			path = postitTests;
			sourceTree = "<group>";
		};
		C41FA56C2EA6368000E2301C /* postitUITests */ = {
			isa = PBXFileSystemSynchronizedRootGroup;
			path = postitUITests;
			sourceTree = "<group>";
		};
/* End PBXFileSystemSynchronizedRootGroup section */

/* Begin PBXFrameworksBuildPhase section */
		C41FA54C2EA6367F00E2301C /* Frameworks */ = {
			isa = PBXFrameworksBuildPhase;
			buildActionMask = 2147483647;
			files = (
			);
			runOnlyForDeploymentPostprocessing = 0;
		};
		C41FA55C2EA6368000E2301C /* Frameworks */ = {
			isa = PBXFrameworksBuildPhase;
			buildActionMask = 2147483647;
			files = (
			);
			runOnlyForDeploymentPostprocessing = 0;
		};
		C41FA5662EA6368000E2301C /* Frameworks */ = {
			isa = PBXFrameworksBuildPhase;
			buildActionMask = 2147483647;
			files = (
			);
			runOnlyForDeploymentPostprocessing = 0;
		};
/* End PBXFrameworksBuildPhase section */

/* Begin PBXGroup section */
		C41FA5462EA6367F00E2301C = {
			isa = PBXGroup;
			children = (
				C41FA5512EA6367F00E2301C /* postit */,
				C41FA5622EA6368000E2301C /* postitTests */,
				C41FA56C2EA6368000E2301C /* postitUITests */,
				C41FA5502EA6367F00E2301C /* Products */,
			);
			sourceTree = "<group>";
		};
		C41FA5502EA6367F00E2301C /* Products */ = {
			isa = PBXGroup;
			children = (
				C41FA54F2EA6367F00E2301C /* postit.app */,
				C41FA55F2EA6368000E2301C /* postitTests.xctest */,
				C41FA5692EA6368000E2301C /* postitUITests.xctest */,
			);
			name = Products;
			sourceTree = "<group>";
		};
/* End PBXGroup section */

/* Begin PBXNativeTarget section */
		C41FA54E2EA6367F00E2301C /* postit */ = {
			isa = PBXNativeTarget;
			buildConfigurationList = C41FA5732EA6368000E2301C /* Build configuration list for PBXNativeTarget "postit" */;
			buildPhases = (
				C41FA54B2EA6367F00E2301C /* Sources */,
				C41FA54C2EA6367F00E2301C /* Frameworks */,
				C41FA54D2EA6367F00E2301C /* Resources */,
			);
			buildRules = (
			);
			dependencies = (
			);
			fileSystemSynchronizedGroups = (
				C41FA5512EA6367F00E2301C /* postit */,
			);
			name = postit;
			packageProductDependencies = (
			);
			productName = postit;
			productReference = C41FA54F2EA6367F00E2301C /* postit.app */;
			productType = "com.apple.product-type.application";
		};
		C41FA55E2EA6368000E2301C /* postitTests */ = {
			isa = PBXNativeTarget;
			buildConfigurationList = C41FA5762EA6368000E2301C /* Build configuration list for PBXNativeTarget "postitTests" */;
			buildPhases = (
				C41FA55B2EA6368000E2301C /* Sources */,
				C41FA55C2EA6368000E2301C /* Frameworks */,
				C41FA55D2EA6368000E2301C /* Resources */,
			);
			buildRules = (
			);
			dependencies = (
				C41FA5612EA6368000E2301C /* PBXTargetDependency */,
			);
			fileSystemSynchronizedGroups = (
				C41FA5622EA6368000E2301C /* postitTests */,
			);
			name = postitTests;
			packageProductDependencies = (
			);
			productName = postitTests;
			productReference = C41FA55F2EA6368000E2301C /* postitTests.xctest */;
			productType = "com.apple.product-type.bundle.unit-test";
		};
		C41FA5682EA6368000E2301C /* postitUITests */ = {
			isa = PBXNativeTarget;
			buildConfigurationList = C41FA5792EA6368000E2301C /* Build configuration list for PBXNativeTarget "postitUITests" */;
			buildPhases = (
				C41FA5652EA6368000E2301C /* Sources */,
				C41FA5662EA6368000E2301C /* Frameworks */,
				C41FA5672EA6368000E2301C /* Resources */,
			);
			buildRules = (
			);
			dependencies = (
				C41FA56B2EA6368000E2301C /* PBXTargetDependency */,
			);
			fileSystemSynchronizedGroups = (
				C41FA56C2EA6368000E2301C /* postitUITests */,
			);
			name = postitUITests;
			packageProductDependencies = (
			);
			productName = postitUITests;
			productReference = C41FA5692EA6368000E2301C /* postitUITests.xctest */;
			productType = "com.apple.product-type.bundle.ui-testing";
		};
/* End PBXNativeTarget section */

/* Begin PBXProject section */
		C41FA5472EA6367F00E2301C /* Project object */ = {
			isa = PBXProject;
			attributes = {
				BuildIndependentTargetsInParallel = 1;
				LastSwiftUpdateCheck = 1620;
				LastUpgradeCheck = 1620;
				TargetAttributes = {
					C41FA54E2EA6367F00E2301C = {
						CreatedOnToolsVersion = 16.2;
					};
					C41FA55E2EA6368000E2301C = {
						CreatedOnToolsVersion = 16.2;
						TestTargetID = C41FA54E2EA6367F00E2301C;
					};
					C41FA5682EA6368000E2301C = {
						CreatedOnToolsVersion = 16.2;
						TestTargetID = C41FA54E2EA6367F00E2301C;
					};
				};
			};
			buildConfigurationList = C41FA54A2EA6367F00E2301C /* Build configuration list for PBXProject "postit" */;
			developmentRegion = en;
			hasScannedForEncodings = 0;
			knownRegions = (
				en,
				Base,
			);
			mainGroup = C41FA5462EA6367F00E2301C;
			minimizedProjectReferenceProxies = 1;
			preferredProjectObjectVersion = 77;
			productRefGroup = C41FA5502EA6367F00E2301C /* Products */;
			projectDirPath = "";
			projectRoot = "";
			targets = (
				C41FA54E2EA6367F00E2301C /* postit */,
				C41FA55E2EA6368000E2301C /* postitTests */,
				C41FA5682EA6368000E2301C /* postitUITests */,
			);
		};
/* End PBXProject section */

/* Begin PBXResourcesBuildPhase section */
		C41FA54D2EA6367F00E2301C /* Resources */ = {
			isa = PBXResourcesBuildPhase;
			buildActionMask = 2147483647;
			files = (
			);
			runOnlyForDeploymentPostprocessing = 0;
		};
		C41FA55D2EA6368000E2301C /* Resources */ = {
			isa = PBXResourcesBuildPhase;
			buildActionMask = 2147483647;
			files = (
			);
			runOnlyForDeploymentPostprocessing = 0;
		};
		C41FA5672EA6368000E2301C /* Resources */ = {
			isa = PBXResourcesBuildPhase;
			buildActionMask = 2147483647;
			files = (
			);
			runOnlyForDeploymentPostprocessing = 0;
		};
/* End PBXResourcesBuildPhase section */

/* Begin PBXSourcesBuildPhase section */
		C41FA54B2EA6367F00E2301C /* Sources */ = {
			isa = PBXSourcesBuildPhase;
			buildActionMask = 2147483647;
			files = (
			);
			runOnlyForDeploymentPostprocessing = 0;
		};
		C41FA55B2EA6368000E2301C /* Sources */ = {
			isa = PBXSourcesBuildPhase;
			buildActionMask = 2147483647;
			files = (
			);
			runOnlyForDeploymentPostprocessing = 0;
		};
		C41FA5652EA6368000E2301C /* Sources */ = {
			isa = PBXSourcesBuildPhase;
			buildActionMask = 2147483647;
			files = (
			);
			runOnlyForDeploymentPostprocessing = 0;
		};
/* End PBXSourcesBuildPhase section */

/* Begin PBXTargetDependency section */
		C41FA5612EA6368000E2301C /* PBXTargetDependency */ = {
			isa = PBXTargetDependency;
			target = C41FA54E2EA6367F00E2301C /* postit */;
			targetProxy = C41FA5602EA6368000E2301C /* PBXContainerItemProxy */;
		};
		C41FA56B2EA6368000E2301C /* PBXTargetDependency */ = {
			isa = PBXTargetDependency;
			target = C41FA54E2EA6367F00E2301C /* postit */;
			targetProxy = C41FA56A2EA6368000E2301C /* PBXContainerItemProxy */;
		};
/* End PBXTargetDependency section */

/* Begin XCBuildConfiguration section */
		C41FA5712EA6368000E2301C /* Debug */ = {
			isa = XCBuildConfiguration;
			buildSettings = {
				ALWAYS_SEARCH_USER_PATHS = NO;
				ASSETCATALOG_COMPILER_GENERATE_SWIFT_ASSET_SYMBOL_EXTENSIONS = YES;
				CLANG_ANALYZER_NONNULL = YES;
				CLANG_ANALYZER_NUMBER_OBJECT_CONVERSION = YES_AGGRESSIVE;
				CLANG_CXX_LANGUAGE_STANDARD = "gnu++20";
				CLANG_ENABLE_MODULES = YES;
				CLANG_ENABLE_OBJC_ARC = YES;
				CLANG_ENABLE_OBJC_WEAK = YES;
				CLANG_WARN_BLOCK_CAPTURE_AUTORELEASING = YES;
				CLANG_WARN_BOOL_CONVERSION = YES;
				CLANG_WARN_COMMA = YES;
				CLANG_WARN_CONSTANT_CONVERSION = YES;
				CLANG_WARN_DEPRECATED_OBJC_IMPLEMENTATIONS = YES;
				CLANG_WARN_DIRECT_OBJC_ISA_USAGE = YES_ERROR;
				CLANG_WARN_DOCUMENTATION_COMMENTS = YES;
				CLANG_WARN_EMPTY_BODY = YES;
				CLANG_WARN_ENUM_CONVERSION = YES;
				CLANG_WARN_INFINITE_RECURSION = YES;
				CLANG_WARN_INT_CONVERSION = YES;
				CLANG_WARN_NON_LITERAL_NULL_CONVERSION = YES;
				CLANG_WARN_OBJC_IMPLICIT_RETAIN_SELF = YES;
				CLANG_WARN_OBJC_LITERAL_CONVERSION = YES;
				CLANG_WARN_OBJC_ROOT_CLASS = YES_ERROR;
				CLANG_WARN_QUOTED_INCLUDE_IN_FRAMEWORK_HEADER = YES;
				CLANG_WARN_RANGE_LOOP_ANALYSIS = YES;
				CLANG_WARN_STRICT_PROTOTYPES = YES;
				CLANG_WARN_SUSPICIOUS_MOVE = YES;
				CLANG_WARN_UNGUARDED_AVAILABILITY = YES_AGGRESSIVE;
				CLANG_WARN_UNREACHABLE_CODE = YES;
				CLANG_WARN__DUPLICATE_METHOD_MATCH = YES;
				COPY_PHASE_STRIP = NO;
				DEBUG_INFORMATION_FORMAT = dwarf;
				ENABLE_STRICT_OBJC_MSGSEND = YES;
				ENABLE_TESTABILITY = YES;
				ENABLE_USER_SCRIPT_SANDBOXING = YES;
				GCC_C_LANGUAGE_STANDARD = gnu17;
				GCC_DYNAMIC_NO_PIC = NO;
				GCC_NO_COMMON_BLOCKS = YES;
				GCC_OPTIMIZATION_LEVEL = 0;
				GCC_PREPROCESSOR_DEFINITIONS = (
					"DEBUG=1",
					"$(inherited)",
				);
				GCC_WARN_64_TO_32_BIT_CONVERSION = YES;
				GCC_WARN_ABOUT_RETURN_TYPE = YES_ERROR;
				GCC_WARN_UNDECLARED_SELECTOR = YES;
				GCC_WARN_UNINITIALIZED_AUTOS = YES_AGGRESSIVE;
				GCC_WARN_UNUSED_FUNCTION = YES;
				GCC_WARN_UNUSED_VARIABLE = YES;
				IPHONEOS_DEPLOYMENT_TARGET = 18.2;
				LOCALIZATION_PREFERS_STRING_CATALOGS = YES;
				MTL_ENABLE_DEBUG_INFO = INCLUDE_SOURCE;
				MTL_FAST_MATH = YES;
				ONLY_ACTIVE_ARCH = YES;
				SDKROOT = iphoneos;
				SWIFT_ACTIVE_COMPILATION_CONDITIONS = "DEBUG $(inherited)";
				SWIFT_OPTIMIZATION_LEVEL = "-Onone";
			};
			name = Debug;
		};
		C41FA5722EA6368000E2301C /* Release */ = {
			isa = XCBuildConfiguration;
			buildSettings = {
				ALWAYS_SEARCH_USER_PATHS = NO;
				ASSETCATALOG_COMPILER_GENERATE_SWIFT_ASSET_SYMBOL_EXTENSIONS = YES;
				CLANG_ANALYZER_NONNULL = YES;
				CLANG_ANALYZER_NUMBER_OBJECT_CONVERSION = YES_AGGRESSIVE;
				CLANG_CXX_LANGUAGE_STANDARD = "gnu++20";
				CLANG_ENABLE_MODULES = YES;
				CLANG_ENABLE_OBJC_ARC = YES;
				CLANG_ENABLE_OBJC_WEAK = YES;
				CLANG_WARN_BLOCK_CAPTURE_AUTORELEASING = YES;
				CLANG_WARN_BOOL_CONVERSION = YES;
				CLANG_WARN_COMMA = YES;
				CLANG_WARN_CONSTANT_CONVERSION = YES;
				CLANG_WARN_DEPRECATED_OBJC_IMPLEMENTATIONS = YES;
				CLANG_WARN_DIRECT_OBJC_ISA_USAGE = YES_ERROR;
				CLANG_WARN_DOCUMENTATION_COMMENTS = YES;
				CLANG_WARN_EMPTY_BODY = YES;
				CLANG_WARN_ENUM_CONVERSION = YES;
				CLANG_WARN_INFINITE_RECURSION = YES;
				CLANG_WARN_INT_CONVERSION = YES;
				CLANG_WARN_NON_LITERAL_NULL_CONVERSION = YES;
				CLANG_WARN_OBJC_IMPLICIT_RETAIN_SELF = YES;
				CLANG_WARN_OBJC_LITERAL_CONVERSION = YES;
				CLANG_WARN_OBJC_ROOT_CLASS = YES_ERROR;
				CLANG_WARN_QUOTED_INCLUDE_IN_FRAMEWORK_HEADER = YES;
				CLANG_WARN_RANGE_LOOP_ANALYSIS = YES;
				CLANG_WARN_STRICT_PROTOTYPES = YES;
				CLANG_WARN_SUSPICIOUS_MOVE = YES;
				CLANG_WARN_UNGUARDED_AVAILABILITY = YES_AGGRESSIVE;
				CLANG_WARN_UNREACHABLE_CODE = YES;
				CLANG_WARN__DUPLICATE_METHOD_MATCH = YES;
				COPY_PHASE_STRIP = NO;
				DEBUG_INFORMATION_FORMAT = "dwarf-with-dsym";
				ENABLE_NS_ASSERTIONS = NO;
				ENABLE_STRICT_OBJC_MSGSEND = YES;
				ENABLE_USER_SCRIPT_SANDBOXING = YES;
				GCC_C_LANGUAGE_STANDARD = gnu17;
				GCC_NO_COMMON_BLOCKS = YES;
				GCC_WARN_64_TO_32_BIT_CONVERSION = YES;
				GCC_WARN_ABOUT_RETURN_TYPE = YES_ERROR;
				GCC_WARN_UNDECLARED_SELECTOR = YES;
				GCC_WARN_UNINITIALIZED_AUTOS = YES_AGGRESSIVE;
				GCC_WARN_UNUSED_FUNCTION = YES;
				GCC_WARN_UNUSED_VARIABLE = YES;
				IPHONEOS_DEPLOYMENT_TARGET = 18.2;
				LOCALIZATION_PREFERS_STRING_CATALOGS = YES;
				MTL_ENABLE_DEBUG_INFO = NO;
				MTL_FAST_MATH = YES;
				SDKROOT = iphoneos;
				SWIFT_COMPILATION_MODE = wholemodule;
				VALIDATE_PRODUCT = YES;
			};
			name = Release;
		};
		C41FA5742EA6368000E2301C /* Debug */ = {
			isa = XCBuildConfiguration;
			buildSettings = {
				ASSETCATALOG_COMPILER_APPICON_NAME = AppIcon;
				ASSETCATALOG_COMPILER_GLOBAL_ACCENT_COLOR_NAME = AccentColor;
				CODE_SIGN_STYLE = Automatic;
				CURRENT_PROJECT_VERSION = 1;
				DEVELOPMENT_ASSET_PATHS = "\"postit/Preview Content\"";
				DEVELOPMENT_TEAM = 95HGXTX76L;
				ENABLE_PREVIEWS = YES;
				GENERATE_INFOPLIST_FILE = YES;
				INFOPLIST_KEY_UIApplicationSceneManifest_Generation = YES;
				INFOPLIST_KEY_UIApplicationSupportsIndirectInputEvents = YES;
				INFOPLIST_KEY_UILaunchScreen_Generation = YES;
				INFOPLIST_KEY_UISupportedInterfaceOrientations_iPad = "UIInterfaceOrientationPortrait UIInterfaceOrientationPortraitUpsideDown UIInterfaceOrientationLandscapeLeft UIInterfaceOrientationLandscapeRight";
				INFOPLIST_KEY_UISupportedInterfaceOrientations_iPhone = "UIInterfaceOrientationPortrait UIInterfaceOrientationLandscapeLeft UIInterfaceOrientationLandscapeRight";
				LD_RUNPATH_SEARCH_PATHS = (
					"$(inherited)",
					"@executable_path/Frameworks",
				);
				MARKETING_VERSION = 1.0;
				PRODUCT_BUNDLE_IDENTIFIER = zoyoong.postit;
				PRODUCT_NAME = "$(TARGET_NAME)";
				SWIFT_EMIT_LOC_STRINGS = YES;
				SWIFT_VERSION = 5.0;
				TARGETED_DEVICE_FAMILY = "1,2";
			};
			name = Debug;
		};
		C41FA5752EA6368000E2301C /* Release */ = {
			isa = XCBuildConfiguration;
			buildSettings = {
				ASSETCATALOG_COMPILER_APPICON_NAME = AppIcon;
				ASSETCATALOG_COMPILER_GLOBAL_ACCENT_COLOR_NAME = AccentColor;
				CODE_SIGN_STYLE = Automatic;
				CURRENT_PROJECT_VERSION = 1;
				DEVELOPMENT_ASSET_PATHS = "\"postit/Preview Content\"";
				DEVELOPMENT_TEAM = 95HGXTX76L;
				ENABLE_PREVIEWS = YES;
				GENERATE_INFOPLIST_FILE = YES;
				INFOPLIST_KEY_UIApplicationSceneManifest_Generation = YES;
				INFOPLIST_KEY_UIApplicationSupportsIndirectInputEvents = YES;
				INFOPLIST_KEY_UILaunchScreen_Generation = YES;
				INFOPLIST_KEY_UISupportedInterfaceOrientations_iPad = "UIInterfaceOrientationPortrait UIInterfaceOrientationPortraitUpsideDown UIInterfaceOrientationLandscapeLeft UIInterfaceOrientationLandscapeRight";
				INFOPLIST_KEY_UISupportedInterfaceOrientations_iPhone = "UIInterfaceOrientationPortrait UIInterfaceOrientationLandscapeLeft UIInterfaceOrientationLandscapeRight";
				LD_RUNPATH_SEARCH_PATHS = (
					"$(inherited)",
					"@executable_path/Frameworks",
				);
				MARKETING_VERSION = 1.0;
				PRODUCT_BUNDLE_IDENTIFIER = zoyoong.postit;
				PRODUCT_NAME = "$(TARGET_NAME)";
				SWIFT_EMIT_LOC_STRINGS = YES;
				SWIFT_VERSION = 5.0;
				TARGETED_DEVICE_FAMILY = "1,2";
			};
			name = Release;
		};
		C41FA5772EA6368000E2301C /* Debug */ = {
			isa = XCBuildConfiguration;
			buildSettings = {
				BUNDLE_LOADER = "$(TEST_HOST)";
				CODE_SIGN_STYLE = Automatic;
				CURRENT_PROJECT_VERSION = 1;
				DEVELOPMENT_TEAM = 95HGXTX76L;
				GENERATE_INFOPLIST_FILE = YES;
				IPHONEOS_DEPLOYMENT_TARGET = 18.2;
				MARKETING_VERSION = 1.0;
				PRODUCT_BUNDLE_IDENTIFIER = zoyoong.postitTests;
				PRODUCT_NAME = "$(TARGET_NAME)";
				SWIFT_EMIT_LOC_STRINGS = NO;
				SWIFT_VERSION = 5.0;
				TARGETED_DEVICE_FAMILY = "1,2";
				TEST_HOST = "$(BUILT_PRODUCTS_DIR)/postit.app/$(BUNDLE_EXECUTABLE_FOLDER_PATH)/postit";
			};
			name = Debug;
		};
		C41FA5782EA6368000E2301C /* Release */ = {
			isa = XCBuildConfiguration;
			buildSettings = {
				BUNDLE_LOADER = "$(TEST_HOST)";
				CODE_SIGN_STYLE = Automatic;
				CURRENT_PROJECT_VERSION = 1;
				DEVELOPMENT_TEAM = 95HGXTX76L;
				GENERATE_INFOPLIST_FILE = YES;
				IPHONEOS_DEPLOYMENT_TARGET = 18.2;
				MARKETING_VERSION = 1.0;
				PRODUCT_BUNDLE_IDENTIFIER = zoyoong.postitTests;
				PRODUCT_NAME = "$(TARGET_NAME)";
				SWIFT_EMIT_LOC_STRINGS = NO;
				SWIFT_VERSION = 5.0;
				TARGETED_DEVICE_FAMILY = "1,2";
				TEST_HOST = "$(BUILT_PRODUCTS_DIR)/postit.app/$(BUNDLE_EXECUTABLE_FOLDER_PATH)/postit";
			};
			name = Release;
		};
		C41FA57A2EA6368000E2301C /* Debug */ = {
			isa = XCBuildConfiguration;
			buildSettings = {
				CODE_SIGN_STYLE = Automatic;
				CURRENT_PROJECT_VERSION = 1;
				DEVELOPMENT_TEAM = 95HGXTX76L;
				GENERATE_INFOPLIST_FILE = YES;
				MARKETING_VERSION = 1.0;
				PRODUCT_BUNDLE_IDENTIFIER = zoyoong.postitUITests;
				PRODUCT_NAME = "$(TARGET_NAME)";
				SWIFT_EMIT_LOC_STRINGS = NO;
				SWIFT_VERSION = 5.0;
				TARGETED_DEVICE_FAMILY = "1,2";
				TEST_TARGET_NAME = postit;
			};
			name = Debug;
		};
		C41FA57B2EA6368000E2301C /* Release */ = {
			isa = XCBuildConfiguration;
			buildSettings = {
				CODE_SIGN_STYLE = Automatic;
				CURRENT_PROJECT_VERSION = 1;
				DEVELOPMENT_TEAM = 95HGXTX76L;
				GENERATE_INFOPLIST_FILE = YES;
				MARKETING_VERSION = 1.0;
				PRODUCT_BUNDLE_IDENTIFIER = zoyoong.postitUITests;
				PRODUCT_NAME = "$(TARGET_NAME)";
				SWIFT_EMIT_LOC_STRINGS = NO;
				SWIFT_VERSION = 5.0;
				TARGETED_DEVICE_FAMILY = "1,2";
				TEST_TARGET_NAME = postit;
			};
			name = Release;
		};
/* End XCBuildConfiguration section */

/* Begin XCConfigurationList section */
		C41FA54A2EA6367F00E2301C /* Build configuration list for PBXProject "postit" */ = {
			isa = XCConfigurationList;
			buildConfigurations = (
				C41FA5712EA6368000E2301C /* Debug */,
				C41FA5722EA6368000E2301C /* Release */,
			);
			defaultConfigurationIsVisible = 0;
			defaultConfigurationName = Release;
		};
		C41FA5732EA6368000E2301C /* Build configuration list for PBXNativeTarget "postit" */ = {
			isa = XCConfigurationList;
			buildConfigurations = (
				C41FA5742EA6368000E2301C /* Debug */,
				C41FA5752EA6368000E2301C /* Release */,
			);
			defaultConfigurationIsVisible = 0;
			defaultConfigurationName = Release;
		};
		C41FA5762EA6368000E2301C /* Build configuration list for PBXNativeTarget "postitTests" */ = {
			isa = XCConfigurationList;
			buildConfigurations = (
				C41FA5772EA6368000E2301C /* Debug */,
				C41FA5782EA6368000E2301C /* Release */,
			);
			defaultConfigurationIsVisible = 0;
			defaultConfigurationName = Release;
		};
		C41FA5792EA6368000E2301C /* Build configuration list for PBXNativeTarget "postitUITests" */ = {
			isa = XCConfigurationList;
			buildConfigurations = (
				C41FA57A2EA6368000E2301C /* Debug */,
				C41FA57B2EA6368000E2301C /* Release */,
			);
			defaultConfigurationIsVisible = 0;
			defaultConfigurationName = Release;
		};
/* End XCConfigurationList section */
	};
	rootObject = C41FA5472EA6367F00E2301C /* Project object */;
}
